
Microsoft Visual Studio Solution File, Format Version 12.00
# Visual Studio Version 16
VisualStudioVersion = 16.0.31613.86
MinimumVisualStudioVersion = 10.0.40219.1
Project("{8BC9CEB8-8B4A-11D0-8D11-00A0C91BC942}") = "Blue Engine", "Blue Engine\Blue Engine.vcxproj", "{7F11D10D-A0D2-475D-8628-D1248C320397}"
EndProject
Project("{8BC9CEB8-8B4A-11D0-8D11-00A0C91BC942}") = "BlueScript", "BlueScript\BlueScript.vcxproj", "{5C4DD9FA-8E35-4541-8AD9-CD6FC358BB23}"
EndProject
Global
	GlobalSection(SolutionConfigurationPlatforms) = preSolution
		Debug|x64 = Debug|x64
		Debug|x86 = Debug|x86
		Release|x64 = Release|x64
		Release|x86 = Release|x86
	EndGlobalSection
	GlobalSection(ProjectConfigurationPlatforms) = postSolution
		{7F11D10D-A0D2-475D-8628-D1248C320397}.Debug|x64.ActiveCfg = Debug|x64
		{7F11D10D-A0D2-475D-8628-D1248C320397}.Debug|x64.Build.0 = Debug|x64
		{7F11D10D-A0D2-475D-8628-D1248C320397}.Debug|x86.ActiveCfg = Debug|Win32
		{7F11D10D-A0D2-475D-8628-D1248C320397}.Debug|x86.Build.0 = Debug|Win32
		{7F11D10D-A0D2-475D-8628-D1248C320397}.Release|x64.ActiveCfg = Release|x64
		{7F11D10D-A0D2-475D-8628-D1248C320397}.Release|x64.Build.0 = Release|x64
		{7F11D10D-A0D2-475D-8628-D1248C320397}.Release|x86.ActiveCfg = Release|Win32
		{7F11D10D-A0D2-475D-8628-D1248C320397}.Release|x86.Build.0 = Release|Win32
		{5C4DD9FA-8E35-4541-8AD9-CD6FC358BB23}.Debug|x64.ActiveCfg = Debug|x64
		{5C4DD9FA-8E35-4541-8AD9-CD6FC358BB23}.Debug|x64.Build.0 = Debug|x64
		{5C4DD9FA-8E35-4541-8AD9-CD6FC358BB23}.Debug|x86.ActiveCfg = Debug|Win32
		{5C4DD9FA-8E35-4541-8AD9-CD6FC358BB23}.Debug|x86.Build.0 = Debug|Win32
		{5C4DD9FA-8E35-4541-8AD9-CD6FC358BB23}.Release|x64.ActiveCfg = Release|x64
		{5C4DD9FA-8E35-4541-8AD9-CD6FC358BB23}.Release|x64.Build.0 = Release|x64
		{5C4DD9FA-8E35-4541-8AD9-CD6FC358BB23}.Release|x86.ActiveCfg = Release|Win32
		{5C4DD9FA-8E35-4541-8AD9-CD6FC358BB23}.Release|x86.Build.0 = Release|Win32
	EndGlobalSection
	GlobalSection(SolutionProperties) = preSolution
		HideSolutionNode = FALSE
	EndGlobalSection
	GlobalSection(ExtensibilityGlobals) = postSolution
		SolutionGuid = {32CC1E89-D11B-4DD4-A941-342F1EA6E12E}
	EndGlobalSection
EndGlobal
